// !$*UTF8*$!
{
	archiveVersion = 1;
	classes = {
	};
	objectVersion = 50;
	objects = {

/* Begin PBXBuildFile section */
		877A45A0235E9BF300A2B7F7 /* AppDelegate.m in Sources */ = {isa = PBXBuildFile; fileRef = 877A459F235E9BF300A2B7F7 /* AppDelegate.m */; };
		877A45A3235E9BF300A2B7F7 /* ViewController.m in Sources */ = {isa = PBXBuildFile; fileRef = 877A45A2235E9BF300A2B7F7 /* ViewController.m */; };
		877A45A6235E9BF400A2B7F7 /* Main.storyboard in Resources */ = {isa = PBXBuildFile; fileRef = 877A45A4235E9BF400A2B7F7 /* Main.storyboard */; };
		877A45A8235E9BF500A2B7F7 /* Assets.xcassets in Resources */ = {isa = PBXBuildFile; fileRef = 877A45A7235E9BF500A2B7F7 /* Assets.xcassets */; };
		877A45AB235E9BF500A2B7F7 /* LaunchScreen.storyboard in Resources */ = {isa = PBXBuildFile; fileRef = 877A45A9235E9BF500A2B7F7 /* LaunchScreen.storyboard */; };
		877A45AE235E9BF500A2B7F7 /* main.m in Sources */ = {isa = PBXBuildFile; fileRef = 877A45AD235E9BF500A2B7F7 /* main.m */; };
		877A45C3235EA36500A2B7F7 /* Custom1TableViewCell.m in Sources */ = {isa = PBXBuildFile; fileRef = 877A45C2235EA36500A2B7F7 /* Custom1TableViewCell.m */; };
		877A45C7235EABF200A2B7F7 /* VideoCaptureViewController.m in Sources */ = {isa = PBXBuildFile; fileRef = 877A45C6235EABF200A2B7F7 /* VideoCaptureViewController.m */; };
		877A45CC235EAF5900A2B7F7 /* VideoProcessingViewController.m in Sources */ = {isa = PBXBuildFile; fileRef = 877A45CB235EAF5900A2B7F7 /* VideoProcessingViewController.m */; };
		877A45D0235EAF9300A2B7F7 /* VideoCodingViewController.m in Sources */ = {isa = PBXBuildFile; fileRef = 877A45CF235EAF9300A2B7F7 /* VideoCodingViewController.m */; };
		877A45D8235EB01900A2B7F7 /* VideoPullStreamingViewController.m in Sources */ = {isa = PBXBuildFile; fileRef = 877A45D7235EB01900A2B7F7 /* VideoPullStreamingViewController.m */; };
		877A45DD235EB04C00A2B7F7 /* VideoPushStreamingViewController.m in Sources */ = {isa = PBXBuildFile; fileRef = 877A45DC235EB04C00A2B7F7 /* VideoPushStreamingViewController.m */; };
		877A45E1235EB07900A2B7F7 /* VideoPlaybackViewController.m in Sources */ = {isa = PBXBuildFile; fileRef = 877A45E0235EB07900A2B7F7 /* VideoPlaybackViewController.m */; };
		877A45E5235EB3B300A2B7F7 /* ZQUtil.m in Sources */ = {isa = PBXBuildFile; fileRef = 877A45E4235EB3B300A2B7F7 /* ZQUtil.m */; };
		877A45E8235EB55B00A2B7F7 /* Photos.framework in Frameworks */ = {isa = PBXBuildFile; fileRef = 877A45E7235EB55B00A2B7F7 /* Photos.framework */; };
		877A45EA235EB61400A2B7F7 /* AssetsLibrary.framework in Frameworks */ = {isa = PBXBuildFile; fileRef = 877A45E9235EB61400A2B7F7 /* AssetsLibrary.framework */; };
		877A45EC235ED45700A2B7F7 /* CoreLocation.framework in Frameworks */ = {isa = PBXBuildFile; fileRef = 877A45EB235ED45700A2B7F7 /* CoreLocation.framework */; };
		877A45F3235EDAAB00A2B7F7 /* ZQAlertView.m in Sources */ = {isa = PBXBuildFile; fileRef = 877A45F2235EDAAB00A2B7F7 /* ZQAlertView.m */; };
		877A45F8235EDBB000A2B7F7 /* UIColor+Hex.m in Sources */ = {isa = PBXBuildFile; fileRef = 877A45F7235EDBB000A2B7F7 /* UIColor+Hex.m */; };
		877A4603235EDD1D00A2B7F7 /* gyAlertView_02.png in Resources */ = {isa = PBXBuildFile; fileRef = 877A4600235EDD1D00A2B7F7 /* gyAlertView_02.png */; };
		877A4604235EDD1D00A2B7F7 /* gyAlertView_01.png in Resources */ = {isa = PBXBuildFile; fileRef = 877A4601235EDD1D00A2B7F7 /* gyAlertView_01.png */; };
		877A4605235EDD1D00A2B7F7 /* gyAlertView_03.png in Resources */ = {isa = PBXBuildFile; fileRef = 877A4602235EDD1D00A2B7F7 /* gyAlertView_03.png */; };
/* End PBXBuildFile section */

/* Begin PBXFileReference section */
		877A459B235E9BF300A2B7F7 /* ZQLiveDemo.app */ = {isa = PBXFileReference; explicitFileType = wrapper.application; includeInIndex = 0; path = ZQLiveDemo.app; sourceTree = BUILT_PRODUCTS_DIR; };
		877A459E235E9BF300A2B7F7 /* AppDelegate.h */ = {isa = PBXFileReference; lastKnownFileType = sourcecode.c.h; path = AppDelegate.h; sourceTree = "<group>"; };
		877A459F235E9BF300A2B7F7 /* AppDelegate.m */ = {isa = PBXFileReference; lastKnownFileType = sourcecode.c.objc; path = AppDelegate.m; sourceTree = "<group>"; };
		877A45A1235E9BF300A2B7F7 /* ViewController.h */ = {isa = PBXFileReference; lastKnownFileType = sourcecode.c.h; path = ViewController.h; sourceTree = "<group>"; };
		877A45A2235E9BF300A2B7F7 /* ViewController.m */ = {isa = PBXFileReference; lastKnownFileType = sourcecode.c.objc; path = ViewController.m; sourceTree = "<group>"; };
		877A45A5235E9BF400A2B7F7 /* Base */ = {isa = PBXFileReference; lastKnownFileType = file.storyboard; name = Base; path = Base.lproj/Main.storyboard; sourceTree = "<group>"; };
		877A45A7235E9BF500A2B7F7 /* Assets.xcassets */ = {isa = PBXFileReference; lastKnownFileType = folder.assetcatalog; path = Assets.xcassets; sourceTree = "<group>"; };
		877A45AA235E9BF500A2B7F7 /* Base */ = {isa = PBXFileReference; lastKnownFileType = file.storyboard; name = Base; path = Base.lproj/LaunchScreen.storyboard; sourceTree = "<group>"; };
		877A45AC235E9BF500A2B7F7 /* Info.plist */ = {isa = PBXFileReference; lastKnownFileType = text.plist.xml; path = Info.plist; sourceTree = "<group>"; };
		877A45AD235E9BF500A2B7F7 /* main.m */ = {isa = PBXFileReference; lastKnownFileType = sourcecode.c.objc; path = main.m; sourceTree = "<group>"; };
		877A45C1235EA36500A2B7F7 /* Custom1TableViewCell.h */ = {isa = PBXFileReference; lastKnownFileType = sourcecode.c.h; path = Custom1TableViewCell.h; sourceTree = "<group>"; };
		877A45C2235EA36500A2B7F7 /* Custom1TableViewCell.m */ = {isa = PBXFileReference; lastKnownFileType = sourcecode.c.objc; path = Custom1TableViewCell.m; sourceTree = "<group>"; };
		877A45C5235EABF200A2B7F7 /* VideoCaptureViewController.h */ = {isa = PBXFileReference; lastKnownFileType = sourcecode.c.h; path = VideoCaptureViewController.h; sourceTree = "<group>"; };
		877A45C6235EABF200A2B7F7 /* VideoCaptureViewController.m */ = {isa = PBXFileReference; lastKnownFileType = sourcecode.c.objc; path = VideoCaptureViewController.m; sourceTree = "<group>"; };
		877A45C8235EAC5C00A2B7F7 /* PrefixHeader.pch */ = {isa = PBXFileReference; lastKnownFileType = sourcecode.c.h; path = PrefixHeader.pch; sourceTree = "<group>"; };
		877A45CA235EAF5900A2B7F7 /* VideoProcessingViewController.h */ = {isa = PBXFileReference; lastKnownFileType = sourcecode.c.h; path = VideoProcessingViewController.h; sourceTree = "<group>"; };
		877A45CB235EAF5900A2B7F7 /* VideoProcessingViewController.m */ = {isa = PBXFileReference; lastKnownFileType = sourcecode.c.objc; path = VideoProcessingViewController.m; sourceTree = "<group>"; };
		877A45CE235EAF9300A2B7F7 /* VideoCodingViewController.h */ = {isa = PBXFileReference; lastKnownFileType = sourcecode.c.h; path = VideoCodingViewController.h; sourceTree = "<group>"; };
		877A45CF235EAF9300A2B7F7 /* VideoCodingViewController.m */ = {isa = PBXFileReference; lastKnownFileType = sourcecode.c.objc; path = VideoCodingViewController.m; sourceTree = "<group>"; };
		877A45D6235EB01900A2B7F7 /* VideoPullStreamingViewController.h */ = {isa = PBXFileReference; lastKnownFileType = sourcecode.c.h; path = VideoPullStreamingViewController.h; sourceTree = "<group>"; };
		877A45D7235EB01900A2B7F7 /* VideoPullStreamingViewController.m */ = {isa = PBXFileReference; lastKnownFileType = sourcecode.c.objc; path = VideoPullStreamingViewController.m; sourceTree = "<group>"; };
		877A45DB235EB04C00A2B7F7 /* VideoPushStreamingViewController.h */ = {isa = PBXFileReference; lastKnownFileType = sourcecode.c.h; path = VideoPushStreamingViewController.h; sourceTree = "<group>"; };
		877A45DC235EB04C00A2B7F7 /* VideoPushStreamingViewController.m */ = {isa = PBXFileReference; lastKnownFileType = sourcecode.c.objc; path = VideoPushStreamingViewController.m; sourceTree = "<group>"; };
		877A45DF235EB07900A2B7F7 /* VideoPlaybackViewController.h */ = {isa = PBXFileReference; lastKnownFileType = sourcecode.c.h; path = VideoPlaybackViewController.h; sourceTree = "<group>"; };
		877A45E0235EB07900A2B7F7 /* VideoPlaybackViewController.m */ = {isa = PBXFileReference; lastKnownFileType = sourcecode.c.objc; path = VideoPlaybackViewController.m; sourceTree = "<group>"; };
		877A45E3235EB3B300A2B7F7 /* ZQUtil.h */ = {isa = PBXFileReference; lastKnownFileType = sourcecode.c.h; path = ZQUtil.h; sourceTree = "<group>"; };
		877A45E4235EB3B300A2B7F7 /* ZQUtil.m */ = {isa = PBXFileReference; lastKnownFileType = sourcecode.c.objc; path = ZQUtil.m; sourceTree = "<group>"; };
		877A45E7235EB55B00A2B7F7 /* Photos.framework */ = {isa = PBXFileReference; lastKnownFileType = wrapper.framework; name = Photos.framework; path = System/Library/Frameworks/Photos.framework; sourceTree = SDKROOT; };
		877A45E9235EB61400A2B7F7 /* AssetsLibrary.framework */ = {isa = PBXFileReference; lastKnownFileType = wrapper.framework; name = AssetsLibrary.framework; path = System/Library/Frameworks/AssetsLibrary.framework; sourceTree = SDKROOT; };
		877A45EB235ED45700A2B7F7 /* CoreLocation.framework */ = {isa = PBXFileReference; lastKnownFileType = wrapper.framework; name = CoreLocation.framework; path = System/Library/Frameworks/CoreLocation.framework; sourceTree = SDKROOT; };
		877A45EE235ED97700A2B7F7 /* Config.h */ = {isa = PBXFileReference; lastKnownFileType = sourcecode.c.h; path = Config.h; sourceTree = "<group>"; };
		877A45F1235EDAAB00A2B7F7 /* ZQAlertView.h */ = {isa = PBXFileReference; fileEncoding = 4; lastKnownFileType = sourcecode.c.h; path = ZQAlertView.h; sourceTree = "<group>"; };
		877A45F2235EDAAB00A2B7F7 /* ZQAlertView.m */ = {isa = PBXFileReference; fileEncoding = 4; lastKnownFileType = sourcecode.c.objc; path = ZQAlertView.m; sourceTree = "<group>"; };
		877A45F6235EDBB000A2B7F7 /* UIColor+Hex.h */ = {isa = PBXFileReference; fileEncoding = 4; lastKnownFileType = sourcecode.c.h; path = "UIColor+Hex.h"; sourceTree = "<group>"; };
		877A45F7235EDBB000A2B7F7 /* UIColor+Hex.m */ = {isa = PBXFileReference; fileEncoding = 4; lastKnownFileType = sourcecode.c.objc; path = "UIColor+Hex.m"; sourceTree = "<group>"; };
		877A4600235EDD1D00A2B7F7 /* gyAlertView_02.png */ = {isa = PBXFileReference; lastKnownFileType = image.png; path = gyAlertView_02.png; sourceTree = "<group>"; };
		877A4601235EDD1D00A2B7F7 /* gyAlertView_01.png */ = {isa = PBXFileReference; lastKnownFileType = image.png; path = gyAlertView_01.png; sourceTree = "<group>"; };
		877A4602235EDD1D00A2B7F7 /* gyAlertView_03.png */ = {isa = PBXFileReference; lastKnownFileType = image.png; path = gyAlertView_03.png; sourceTree = "<group>"; };
/* End PBXFileReference section */

/* Begin PBXFrameworksBuildPhase section */
		877A4598235E9BF300A2B7F7 /* Frameworks */ = {
			isa = PBXFrameworksBuildPhase;
			buildActionMask = 2147483647;
			files = (
				877A45EC235ED45700A2B7F7 /* CoreLocation.framework in Frameworks */,
				877A45EA235EB61400A2B7F7 /* AssetsLibrary.framework in Frameworks */,
				877A45E8235EB55B00A2B7F7 /* Photos.framework in Frameworks */,
			);
			runOnlyForDeploymentPostprocessing = 0;
		};
/* End PBXFrameworksBuildPhase section */

/* Begin PBXGroup section */
		877A4592235E9BF300A2B7F7 = {
			isa = PBXGroup;
			children = (
				877A459D235E9BF300A2B7F7 /* ZQLiveDemo */,
				877A459C235E9BF300A2B7F7 /* Products */,
				877A45E6235EB55B00A2B7F7 /* Frameworks */,
			);
			sourceTree = "<group>";
		};
		877A459C235E9BF300A2B7F7 /* Products */ = {
			isa = PBXGroup;
			children = (
				877A459B235E9BF300A2B7F7 /* ZQLiveDemo.app */,
			);
			name = Products;
			sourceTree = "<group>";
		};
		877A459D235E9BF300A2B7F7 /* ZQLiveDemo */ = {
			isa = PBXGroup;
			children = (
				877A45F4235EDB6100A2B7F7 /* Extension */,
				877A45EF235EDA9200A2B7F7 /* CustomView */,
				877A45ED235ED95F00A2B7F7 /* Config */,
				877A45E2235EB39900A2B7F7 /* ZQUtil */,
				877A45DE235EB06600A2B7F7 /* VideoPlayback */,
				877A45D9235EB02D00A2B7F7 /* VideoPushStreaming */,
				877A45D5235EAFE700A2B7F7 /* VideoPullStreaming */,
				877A45CD235EAF7200A2B7F7 /* VideoCoding */,
				877A45C9235EAF3500A2B7F7 /* VideoProcessing */,
				877A45C4235EABD100A2B7F7 /* VideoCapture */,
				877A45C0235EA33B00A2B7F7 /* TableViewCell */,
				877A459E235E9BF300A2B7F7 /* AppDelegate.h */,
				877A459F235E9BF300A2B7F7 /* AppDelegate.m */,
				877A45A1235E9BF300A2B7F7 /* ViewController.h */,
				877A45A2235E9BF300A2B7F7 /* ViewController.m */,
				877A45A4235E9BF400A2B7F7 /* Main.storyboard */,
				877A45A7235E9BF500A2B7F7 /* Assets.xcassets */,
				877A45A9235E9BF500A2B7F7 /* LaunchScreen.storyboard */,
				877A45AC235E9BF500A2B7F7 /* Info.plist */,
				877A45AD235E9BF500A2B7F7 /* main.m */,
				877A45C8235EAC5C00A2B7F7 /* PrefixHeader.pch */,
			);
			path = ZQLiveDemo;
			sourceTree = "<group>";
		};
		877A45C0235EA33B00A2B7F7 /* TableViewCell */ = {
			isa = PBXGroup;
			children = (
				877A45C1235EA36500A2B7F7 /* Custom1TableViewCell.h */,
				877A45C2235EA36500A2B7F7 /* Custom1TableViewCell.m */,
			);
			path = TableViewCell;
			sourceTree = "<group>";
		};
		877A45C4235EABD100A2B7F7 /* VideoCapture */ = {
			isa = PBXGroup;
			children = (
				877A45C5235EABF200A2B7F7 /* VideoCaptureViewController.h */,
				877A45C6235EABF200A2B7F7 /* VideoCaptureViewController.m */,
			);
			path = VideoCapture;
			sourceTree = "<group>";
		};
		877A45C9235EAF3500A2B7F7 /* VideoProcessing */ = {
			isa = PBXGroup;
			children = (
				877A45CA235EAF5900A2B7F7 /* VideoProcessingViewController.h */,
				877A45CB235EAF5900A2B7F7 /* VideoProcessingViewController.m */,
			);
			path = VideoProcessing;
			sourceTree = "<group>";
		};
		877A45CD235EAF7200A2B7F7 /* VideoCoding */ = {
			isa = PBXGroup;
			children = (
				877A45CE235EAF9300A2B7F7 /* VideoCodingViewController.h */,
				877A45CF235EAF9300A2B7F7 /* VideoCodingViewController.m */,
			);
			path = VideoCoding;
			sourceTree = "<group>";
		};
		877A45D5235EAFE700A2B7F7 /* VideoPullStreaming */ = {
			isa = PBXGroup;
			children = (
				877A45D6235EB01900A2B7F7 /* VideoPullStreamingViewController.h */,
				877A45D7235EB01900A2B7F7 /* VideoPullStreamingViewController.m */,
			);
			path = VideoPullStreaming;
			sourceTree = "<group>";
		};
		877A45D9235EB02D00A2B7F7 /* VideoPushStreaming */ = {
			isa = PBXGroup;
			children = (
				877A45DB235EB04C00A2B7F7 /* VideoPushStreamingViewController.h */,
				877A45DC235EB04C00A2B7F7 /* VideoPushStreamingViewController.m */,
			);
			path = VideoPushStreaming;
			sourceTree = "<group>";
		};
		877A45DE235EB06600A2B7F7 /* VideoPlayback */ = {
			isa = PBXGroup;
			children = (
				877A45DF235EB07900A2B7F7 /* VideoPlaybackViewController.h */,
				877A45E0235EB07900A2B7F7 /* VideoPlaybackViewController.m */,
			);
			path = VideoPlayback;
			sourceTree = "<group>";
		};
		877A45E2235EB39900A2B7F7 /* ZQUtil */ = {
			isa = PBXGroup;
			children = (
				877A45E3235EB3B300A2B7F7 /* ZQUtil.h */,
				877A45E4235EB3B300A2B7F7 /* ZQUtil.m */,
			);
			path = ZQUtil;
			sourceTree = "<group>";
		};
		877A45E6235EB55B00A2B7F7 /* Frameworks */ = {
			isa = PBXGroup;
			children = (
				877A45EB235ED45700A2B7F7 /* CoreLocation.framework */,
				877A45E9235EB61400A2B7F7 /* AssetsLibrary.framework */,
				877A45E7235EB55B00A2B7F7 /* Photos.framework */,
			);
			name = Frameworks;
			sourceTree = "<group>";
		};
		877A45ED235ED95F00A2B7F7 /* Config */ = {
			isa = PBXGroup;
			children = (
				877A45EE235ED97700A2B7F7 /* Config.h */,
			);
			path = Config;
			sourceTree = "<group>";
		};
		877A45EF235EDA9200A2B7F7 /* CustomView */ = {
			isa = PBXGroup;
			children = (
				877A45F0235EDAAB00A2B7F7 /* ZQAlertView */,
			);
			path = CustomView;
			sourceTree = "<group>";
		};
		877A45F0235EDAAB00A2B7F7 /* ZQAlertView */ = {
			isa = PBXGroup;
			children = (
				877A45FF235EDC9C00A2B7F7 /* Images */,
				877A45F1235EDAAB00A2B7F7 /* ZQAlertView.h */,
				877A45F2235EDAAB00A2B7F7 /* ZQAlertView.m */,
			);
			path = ZQAlertView;
			sourceTree = "<group>";
		};
		877A45F4235EDB6100A2B7F7 /* Extension */ = {
			isa = PBXGroup;
			children = (
				877A45F5235EDBA100A2B7F7 /* UIColor */,
			);
			path = Extension;
			sourceTree = "<group>";
		};
		877A45F5235EDBA100A2B7F7 /* UIColor */ = {
			isa = PBXGroup;
			children = (
				877A45F6235EDBB000A2B7F7 /* UIColor+Hex.h */,
				877A45F7235EDBB000A2B7F7 /* UIColor+Hex.m */,
			);
			path = UIColor;
			sourceTree = "<group>";
		};
		877A45FF235EDC9C00A2B7F7 /* Images */ = {
			isa = PBXGroup;
			children = (
				877A4601235EDD1D00A2B7F7 /* gyAlertView_01.png */,
				877A4600235EDD1D00A2B7F7 /* gyAlertView_02.png */,
				877A4602235EDD1D00A2B7F7 /* gyAlertView_03.png */,
			);
			path = Images;
			sourceTree = "<group>";
		};
/* End PBXGroup section */

/* Begin PBXNativeTarget section */
		877A459A235E9BF300A2B7F7 /* ZQLiveDemo */ = {
			isa = PBXNativeTarget;
			buildConfigurationList = 877A45B1235E9BF500A2B7F7 /* Build configuration list for PBXNativeTarget "ZQLiveDemo" */;
			buildPhases = (
				877A4597235E9BF300A2B7F7 /* Sources */,
				877A4598235E9BF300A2B7F7 /* Frameworks */,
				877A4599235E9BF300A2B7F7 /* Resources */,
			);
			buildRules = (
			);
			dependencies = (
			);
			name = ZQLiveDemo;
			productName = ZQLiveDemo;
			productReference = 877A459B235E9BF300A2B7F7 /* ZQLiveDemo.app */;
			productType = "com.apple.product-type.application";
		};
/* End PBXNativeTarget section */

/* Begin PBXProject section */
		877A4593235E9BF300A2B7F7 /* Project object */ = {
			isa = PBXProject;
			attributes = {
				LastUpgradeCheck = 1010;
				ORGANIZATIONNAME = "赵前";
				TargetAttributes = {
					877A459A235E9BF300A2B7F7 = {
						CreatedOnToolsVersion = 10.1;
					};
				};
			};
			buildConfigurationList = 877A4596235E9BF300A2B7F7 /* Build configuration list for PBXProject "ZQLiveDemo" */;
			compatibilityVersion = "Xcode 9.3";
			developmentRegion = en;
			hasScannedForEncodings = 0;
			knownRegions = (
				en,
				Base,
			);
			mainGroup = 877A4592235E9BF300A2B7F7;
			productRefGroup = 877A459C235E9BF300A2B7F7 /* Products */;
			projectDirPath = "";
			projectRoot = "";
			targets = (
				877A459A235E9BF300A2B7F7 /* ZQLiveDemo */,
			);
		};
/* End PBXProject section */

/* Begin PBXResourcesBuildPhase section */
		877A4599235E9BF300A2B7F7 /* Resources */ = {
			isa = PBXResourcesBuildPhase;
			buildActionMask = 2147483647;
			files = (
				877A45AB235E9BF500A2B7F7 /* LaunchScreen.storyboard in Resources */,
				877A4603235EDD1D00A2B7F7 /* gyAlertView_02.png in Resources */,
				877A4605235EDD1D00A2B7F7 /* gyAlertView_03.png in Resources */,
				877A4604235EDD1D00A2B7F7 /* gyAlertView_01.png in Resources */,
				877A45A8235E9BF500A2B7F7 /* Assets.xcassets in Resources */,
				877A45A6235E9BF400A2B7F7 /* Main.storyboard in Resources */,
			);
			runOnlyForDeploymentPostprocessing = 0;
		};
/* End PBXResourcesBuildPhase section */

/* Begin PBXSourcesBuildPhase section */
		877A4597235E9BF300A2B7F7 /* Sources */ = {
			isa = PBXSourcesBuildPhase;
			buildActionMask = 2147483647;
			files = (
				877A45D8235EB01900A2B7F7 /* VideoPullStreamingViewController.m in Sources */,
				877A45D0235EAF9300A2B7F7 /* VideoCodingViewController.m in Sources */,
				877A45C3235EA36500A2B7F7 /* Custom1TableViewCell.m in Sources */,
				877A45DD235EB04C00A2B7F7 /* VideoPushStreamingViewController.m in Sources */,
				877A45E5235EB3B300A2B7F7 /* ZQUtil.m in Sources */,
				877A45A3235E9BF300A2B7F7 /* ViewController.m in Sources */,
				877A45E1235EB07900A2B7F7 /* VideoPlaybackViewController.m in Sources */,
				877A45AE235E9BF500A2B7F7 /* main.m in Sources */,
				877A45C7235EABF200A2B7F7 /* VideoCaptureViewController.m in Sources */,
				877A45A0235E9BF300A2B7F7 /* AppDelegate.m in Sources */,
				877A45F3235EDAAB00A2B7F7 /* ZQAlertView.m in Sources */,
				877A45CC235EAF5900A2B7F7 /* VideoProcessingViewController.m in Sources */,
				877A45F8235EDBB000A2B7F7 /* UIColor+Hex.m in Sources */,
			);
			runOnlyForDeploymentPostprocessing = 0;
		};
/* End PBXSourcesBuildPhase section */

/* Begin PBXVariantGroup section */
		877A45A4235E9BF400A2B7F7 /* Main.storyboard */ = {
			isa = PBXVariantGroup;
			children = (
				877A45A5235E9BF400A2B7F7 /* Base */,
			);
			name = Main.storyboard;
			sourceTree = "<group>";
		};
		877A45A9235E9BF500A2B7F7 /* LaunchScreen.storyboard */ = {
			isa = PBXVariantGroup;
			children = (
				877A45AA235E9BF500A2B7F7 /* Base */,
			);
			name = LaunchScreen.storyboard;
			sourceTree = "<group>";
		};
/* End PBXVariantGroup section */

/* Begin XCBuildConfiguration section */
		877A45AF235E9BF500A2B7F7 /* Debug */ = {
			isa = XCBuildConfiguration;
			buildSettings = {
				ALWAYS_SEARCH_USER_PATHS = NO;
				CLANG_ANALYZER_NONNULL = YES;
				CLANG_ANALYZER_NUMBER_OBJECT_CONVERSION = YES_AGGRESSIVE;
				CLANG_CXX_LANGUAGE_STANDARD = "gnu++14";
				CLANG_CXX_LIBRARY = "libc++";
				CLANG_ENABLE_MODULES = YES;
				CLANG_ENABLE_OBJC_ARC = YES;
				CLANG_ENABLE_OBJC_WEAK = YES;
				CLANG_WARN_BLOCK_CAPTURE_AUTORELEASING = YES;
				CLANG_WARN_BOOL_CONVERSION = YES;
				CLANG_WARN_COMMA = YES;
				CLANG_WARN_CONSTANT_CONVERSION = YES;
				CLANG_WARN_DEPRECATED_OBJC_IMPLEMENTATIONS = YES;
				CLANG_WARN_DIRECT_OBJC_ISA_USAGE = YES_ERROR;
				CLANG_WARN_DOCUMENTATION_COMMENTS = YES;
				CLANG_WARN_EMPTY_BODY = YES;
				CLANG_WARN_ENUM_CONVERSION = YES;
				CLANG_WARN_INFINITE_RECURSION = YES;
				CLANG_WARN_INT_CONVERSION = YES;
				CLANG_WARN_NON_LITERAL_NULL_CONVERSION = YES;
				CLANG_WARN_OBJC_IMPLICIT_RETAIN_SELF = YES;
				CLANG_WARN_OBJC_LITERAL_CONVERSION = YES;
				CLANG_WARN_OBJC_ROOT_CLASS = YES_ERROR;
				CLANG_WARN_RANGE_LOOP_ANALYSIS = YES;
				CLANG_WARN_STRICT_PROTOTYPES = YES;
				CLANG_WARN_SUSPICIOUS_MOVE = YES;
				CLANG_WARN_UNGUARDED_AVAILABILITY = YES_AGGRESSIVE;
				CLANG_WARN_UNREACHABLE_CODE = YES;
				CLANG_WARN__DUPLICATE_METHOD_MATCH = YES;
				CODE_SIGN_IDENTITY = "iPhone Developer";
				COPY_PHASE_STRIP = NO;
				DEBUG_INFORMATION_FORMAT = dwarf;
				ENABLE_STRICT_OBJC_MSGSEND = YES;
				ENABLE_TESTABILITY = YES;
				GCC_C_LANGUAGE_STANDARD = gnu11;
				GCC_DYNAMIC_NO_PIC = NO;
				GCC_NO_COMMON_BLOCKS = YES;
				GCC_OPTIMIZATION_LEVEL = 0;
				GCC_PREPROCESSOR_DEFINITIONS = (
					"DEBUG=1",
					"$(inherited)",
				);
				GCC_WARN_64_TO_32_BIT_CONVERSION = YES;
				GCC_WARN_ABOUT_RETURN_TYPE = YES_ERROR;
				GCC_WARN_UNDECLARED_SELECTOR = YES;
				GCC_WARN_UNINITIALIZED_AUTOS = YES_AGGRESSIVE;
				GCC_WARN_UNUSED_FUNCTION = YES;
				GCC_WARN_UNUSED_VARIABLE = YES;
				IPHONEOS_DEPLOYMENT_TARGET = 12.1;
				MTL_ENABLE_DEBUG_INFO = INCLUDE_SOURCE;
				MTL_FAST_MATH = YES;
				ONLY_ACTIVE_ARCH = YES;
				SDKROOT = iphoneos;
			};
			name = Debug;
		};
		877A45B0235E9BF500A2B7F7 /* Release */ = {
			isa = XCBuildConfiguration;
			buildSettings = {
				ALWAYS_SEARCH_USER_PATHS = NO;
				CLANG_ANALYZER_NONNULL = YES;
				CLANG_ANALYZER_NUMBER_OBJECT_CONVERSION = YES_AGGRESSIVE;
				CLANG_CXX_LANGUAGE_STANDARD = "gnu++14";
				CLANG_CXX_LIBRARY = "libc++";
				CLANG_ENABLE_MODULES = YES;
				CLANG_ENABLE_OBJC_ARC = YES;
				CLANG_ENABLE_OBJC_WEAK = YES;
				CLANG_WARN_BLOCK_CAPTURE_AUTORELEASING = YES;
				CLANG_WARN_BOOL_CONVERSION = YES;
				CLANG_WARN_COMMA = YES;
				CLANG_WARN_CONSTANT_CONVERSION = YES;
				CLANG_WARN_DEPRECATED_OBJC_IMPLEMENTATIONS = YES;
				CLANG_WARN_DIRECT_OBJC_ISA_USAGE = YES_ERROR;
				CLANG_WARN_DOCUMENTATION_COMMENTS = YES;
				CLANG_WARN_EMPTY_BODY = YES;
				CLANG_WARN_ENUM_CONVERSION = YES;
				CLANG_WARN_INFINITE_RECURSION = YES;
				CLANG_WARN_INT_CONVERSION = YES;
				CLANG_WARN_NON_LITERAL_NULL_CONVERSION = YES;
				CLANG_WARN_OBJC_IMPLICIT_RETAIN_SELF = YES;
				CLANG_WARN_OBJC_LITERAL_CONVERSION = YES;
				CLANG_WARN_OBJC_ROOT_CLASS = YES_ERROR;
				CLANG_WARN_RANGE_LOOP_ANALYSIS = YES;
				CLANG_WARN_STRICT_PROTOTYPES = YES;
				CLANG_WARN_SUSPICIOUS_MOVE = YES;
				CLANG_WARN_UNGUARDED_AVAILABILITY = YES_AGGRESSIVE;
				CLANG_WARN_UNREACHABLE_CODE = YES;
				CLANG_WARN__DUPLICATE_METHOD_MATCH = YES;
				CODE_SIGN_IDENTITY = "iPhone Developer";
				COPY_PHASE_STRIP = NO;
				DEBUG_INFORMATION_FORMAT = "dwarf-with-dsym";
				ENABLE_NS_ASSERTIONS = NO;
				ENABLE_STRICT_OBJC_MSGSEND = YES;
				GCC_C_LANGUAGE_STANDARD = gnu11;
				GCC_NO_COMMON_BLOCKS = YES;
				GCC_WARN_64_TO_32_BIT_CONVERSION = YES;
				GCC_WARN_ABOUT_RETURN_TYPE = YES_ERROR;
				GCC_WARN_UNDECLARED_SELECTOR = YES;
				GCC_WARN_UNINITIALIZED_AUTOS = YES_AGGRESSIVE;
				GCC_WARN_UNUSED_FUNCTION = YES;
				GCC_WARN_UNUSED_VARIABLE = YES;
				IPHONEOS_DEPLOYMENT_TARGET = 12.1;
				MTL_ENABLE_DEBUG_INFO = NO;
				MTL_FAST_MATH = YES;
				SDKROOT = iphoneos;
				VALIDATE_PRODUCT = YES;
			};
			name = Release;
		};
		877A45B2235E9BF500A2B7F7 /* Debug */ = {
			isa = XCBuildConfiguration;
			buildSettings = {
				ASSETCATALOG_COMPILER_APPICON_NAME = AppIcon;
				CODE_SIGN_STYLE = Automatic;
				DEVELOPMENT_TEAM = 7X8JL97Z3E;
				GCC_PRECOMPILE_PREFIX_HEADER = YES;
				GCC_PREFIX_HEADER = "$(SRCROOT)/ZQLiveDemo/PrefixHeader.pch";
				INFOPLIST_FILE = ZQLiveDemo/Info.plist;
				IPHONEOS_DEPLOYMENT_TARGET = 8.0;
				LD_RUNPATH_SEARCH_PATHS = (
					"$(inherited)",
					"@executable_path/Frameworks",
				);
				PRODUCT_BUNDLE_IDENTIFIER = com.yitong.ZQLiveDemo;
				PRODUCT_NAME = "$(TARGET_NAME)";
				TARGETED_DEVICE_FAMILY = "1,2";
			};
			name = Debug;
		};
		877A45B3235E9BF500A2B7F7 /* Release */ = {
			isa = XCBuildConfiguration;
			buildSettings = {
				ASSETCATALOG_COMPILER_APPICON_NAME = AppIcon;
				CODE_SIGN_STYLE = Automatic;
				DEVELOPMENT_TEAM = 7X8JL97Z3E;
				GCC_PRECOMPILE_PREFIX_HEADER = YES;
				GCC_PREFIX_HEADER = "$(SRCROOT)/ZQLiveDemo/PrefixHeader.pch";
				INFOPLIST_FILE = ZQLiveDemo/Info.plist;
				IPHONEOS_DEPLOYMENT_TARGET = 8.0;
				LD_RUNPATH_SEARCH_PATHS = (
					"$(inherited)",
					"@executable_path/Frameworks",
				);
				PRODUCT_BUNDLE_IDENTIFIER = com.yitong.ZQLiveDemo;
				PRODUCT_NAME = "$(TARGET_NAME)";
				TARGETED_DEVICE_FAMILY = "1,2";
			};
			name = Release;
		};
/* End XCBuildConfiguration section */

/* Begin XCConfigurationList section */
		877A4596235E9BF300A2B7F7 /* Build configuration list for PBXProject "ZQLiveDemo" */ = {
			isa = XCConfigurationList;
			buildConfigurations = (
				877A45AF235E9BF500A2B7F7 /* Debug */,
				877A45B0235E9BF500A2B7F7 /* Release */,
			);
			defaultConfigurationIsVisible = 0;
			defaultConfigurationName = Release;
		};
		877A45B1235E9BF500A2B7F7 /* Build configuration list for PBXNativeTarget "ZQLiveDemo" */ = {
			isa = XCConfigurationList;
			buildConfigurations = (
				877A45B2235E9BF500A2B7F7 /* Debug */,
				877A45B3235E9BF500A2B7F7 /* Release */,
			);
			defaultConfigurationIsVisible = 0;
			defaultConfigurationName = Release;
		};
/* End XCConfigurationList section */
	};
	rootObject = 877A4593235E9BF300A2B7F7 /* Project object */;
}
